<?xml version="1.0" encoding="utf-8"?>
<Project ToolsVersion="4.0" xmlns="http://schemas.microsoft.com/developer/msbuild/2003">
  <ItemGroup>
    <Filter Include="Source Files">
      <UniqueIdentifier>{4FC737F1-C7A5-4376-A066-2A32D752A2FF}</UniqueIdentifier>
      <Extensions>cpp;c;cc;cxx;c++;cppm;ixx;def;odl;idl;hpj;bat;asm;asmx</Extensions>
    </Filter>
    <Filter Include="Header Files">
      <UniqueIdentifier>{93995380-89BD-4b04-88EB-625FBE52EBFB}</UniqueIdentifier>
      <Extensions>h;hh;hpp;hxx;h++;hm;inl;inc;ipp;xsd</Extensions>
    </Filter>
    <Filter Include="Resource Files">
      <UniqueIdentifier>{67DA6AB6-F800-4c08-8B7A-83BB121AAD01}</UniqueIdentifier>
      <Extensions>rc;ico;cur;bmp;dlg;rc2;rct;bin;rgs;gif;jpg;jpeg;jpe;resx;tiff;tif;png;wav;mfcribbon-ms</Extensions>
    </Filter>
    <Filter Include="Header Files\ParticleForce">
      <UniqueIdentifier>{be00f81f-372b-44d9-8258-4b10834e1449}</UniqueIdentifier>
    </Filter>
    <Filter Include="Source Files\ParticleForce">
      <UniqueIdentifier>{62f654c5-cb4f-490b-bfa7-dda35b114901}</UniqueIdentifier>
    </Filter>
  </ItemGroup>
  <ItemGroup>
    <ClInclude Include="include\cyclone\Public\Precision.h">
      <Filter>Header Files</Filter>
    </ClInclude>
    <ClInclude Include="include\cyclone\Public\Vector3.h">
      <Filter>Header Files</Filter>
    </ClInclude>
    <ClInclude Include="include\cyclone\Public\Quaternion.h">
      <Filter>Header Files</Filter>
    </ClInclude>
    <ClInclude Include="include\cyclone\Public\Vector4.h">
      <Filter>Header Files</Filter>
    </ClInclude>
    <ClInclude Include="include\cyclone\Public\Matrix.h">
      <Filter>Header Files</Filter>
    </ClInclude>
    <ClInclude Include="include\cyclone\Public\Random.h">
      <Filter>Header Files</Filter>
    </ClInclude>
    <ClInclude Include="include\cyclone\Public\Particle.h">
      <Filter>Header Files</Filter>
    </ClInclude>
    <ClInclude Include="include\cyclone\Public\Core.h">
      <Filter>Header Files</Filter>
    </ClInclude>
    <ClInclude Include="include\cyclone\Public\ParticleForce\ParticleDrag.h">
      <Filter>Header Files\ParticleForce</Filter>
    </ClInclude>
    <ClInclude Include="include\cyclone\Public\ParticleForce\ParticleForceGenerator.h">
      <Filter>Header Files\ParticleForce</Filter>
    </ClInclude>
    <ClInclude Include="include\cyclone\Public\ParticleForce\ParticleGravity.h">
      <Filter>Header Files\ParticleForce</Filter>
    </ClInclude>
    <ClInclude Include="include\cyclone\Public\ParticleForce\ParticleForceRegistry.h">
      <Filter>Header Files\ParticleForce</Filter>
    </ClInclude>
    <ClInclude Include="include\cyclone\Public\ParticleForce\ParticleSpring.h">
      <Filter>Header Files\ParticleForce</Filter>
    </ClInclude>
    <ClInclude Include="include\cyclone\Public\ParticleForce\ParticleAnchoredSpring.h">
      <Filter>Header Files\ParticleForce</Filter>
    </ClInclude>
    <ClInclude Include="include\cyclone\Public\ParticleForce\ParticleBungee.h">
      <Filter>Header Files\ParticleForce</Filter>
    </ClInclude>
    <ClInclude Include="include\cyclone\Public\ParticleForce\ParticleBuoyancy.h">
      <Filter>Header Files\ParticleForce</Filter>
    </ClInclude>
    <ClInclude Include="include\cyclone\Public\ParticleForce\ParticleAnchoredBungee.h">
      <Filter>Header Files\ParticleForce</Filter>
    </ClInclude>
    <ClInclude Include="include\cyclone\Public\ParticleForce\ParticleFakeSpring.h">
      <Filter>Header Files\ParticleForce</Filter>
    </ClInclude>
  </ItemGroup>
  <ItemGroup>
    <ClCompile Include="include\cyclone\Private\Vector3.cpp">
      <Filter>Source Files</Filter>
    </ClCompile>
    <ClCompile Include="include\cyclone\Private\Quaternion.cpp">
      <Filter>Source Files</Filter>
    </ClCompile>
    <ClCompile Include="include\cyclone\Private\Vector4.cpp">
      <Filter>Source Files</Filter>
    </ClCompile>
    <ClCompile Include="include\cyclone\Private\Matrix.cpp">
      <Filter>Source Files</Filter>
    </ClCompile>
    <ClCompile Include="include\cyclone\Private\Random.cpp">
      <Filter>Source Files</Filter>
    </ClCompile>
    <ClCompile Include="include\cyclone\Private\Particle.cpp">
      <Filter>Source Files</Filter>
    </ClCompile>
    <ClCompile Include="include\cyclone\Private\ParticleForce\ParticleDrag.cpp">
      <Filter>Source Files\ParticleForce</Filter>
    </ClCompile>
    <ClCompile Include="include\cyclone\Private\ParticleForce\ParticleGravity.cpp">
      <Filter>Source Files\ParticleForce</Filter>
    </ClCompile>
    <ClCompile Include="include\cyclone\Private\ParticleForce\ParticleForceRegistry.cpp">
      <Filter>Source Files\ParticleForce</Filter>
    </ClCompile>
    <ClCompile Include="include\cyclone\Private\ParticleForce\ParticleSpring.cpp">
      <Filter>Source Files\ParticleForce</Filter>
    </ClCompile>
    <ClCompile Include="include\cyclone\Private\ParticleForce\ParticleAnchoredSpring.cpp">
      <Filter>Source Files\ParticleForce</Filter>
    </ClCompile>
    <ClCompile Include="include\cyclone\Private\ParticleForce\ParticleBungee.cpp">
      <Filter>Source Files\ParticleForce</Filter>
    </ClCompile>
    <ClCompile Include="include\cyclone\Private\ParticleForce\ParticleBuoyancy.cpp">
      <Filter>Source Files\ParticleForce</Filter>
    </ClCompile>
    <ClCompile Include="include\cyclone\Private\ParticleForce\ParticleAnchoredBungee.cpp">
      <Filter>Source Files\ParticleForce</Filter>
    </ClCompile>
    <ClCompile Include="include\cyclone\Private\ParticleForce\ParticleFakeSpring.cpp">
      <Filter>Source Files\ParticleForce</Filter>
    </ClCompile>
  </ItemGroup>
</Project>