
Microsoft Visual Studio Solution File, Format Version 12.00
# Visual Studio Version 16
VisualStudioVersion = 16.0.30611.23
MinimumVisualStudioVersion = 10.0.40219.1
Project("{8BC9CEB8-8B4A-11D0-8D11-00A0C91BC942}") = "Cyclone", "Cyclone.vcxproj", "{E96BF6A8-A536-4B5B-873A-8594AF14D582}"
EndProject
Project("{8BC9CEB8-8B4A-11D0-8D11-00A0C91BC942}") = "Fireworks", "src\Fireworks\Fireworks.vcxproj", "{F043A676-1BD5-4736-95BE-DC62A7B27B66}"
EndProject
Project("{8BC9CEB8-8B4A-11D0-8D11-00A0C91BC942}") = "Bridge", "src\Bridge\Bridge.vcxproj", "{2B886C1A-330C-4976-988C-5AD5FB328223}"
EndProject
Project("{8BC9CEB8-8B4A-11D0-8D11-00A0C91BC942}") = "Platform", "src\Platform\Platform.vcxproj", "{049727D8-445D-483A-983D-5FF082743815}"
EndProject
Project("{8BC9CEB8-8B4A-11D0-8D11-00A0C91BC942}") = "Blob", "src\Blob\Blob.vcxproj", "{64B0C72D-85B4-43DA-81B6-55A742D10507}"
EndProject
Project("{8BC9CEB8-8B4A-11D0-8D11-00A0C91BC942}") = "Flight", "src\Flight\Flight.vcxproj", "{D5827EDF-9D68-4A5F-A128-6BF0F7068E33}"
EndProject
Project("{8BC9CEB8-8B4A-11D0-8D11-00A0C91BC942}") = "Sailboat", "src\Sailboat\Sailboat.vcxproj", "{2A614869-26B1-418D-88C4-2998FA723C1C}"
EndProject
Project("{8BC9CEB8-8B4A-11D0-8D11-00A0C91BC942}") = "Ragdoll", "src\Ragdoll\Ragdoll.vcxproj", "{540284EE-16DD-4398-B851-4CEFDD7DEB29}"
EndProject
Project("{8BC9CEB8-8B4A-11D0-8D11-00A0C91BC942}") = "Fracture", "src\Fracture\Fracture.vcxproj", "{C81B1E9D-5BEF-41D2-971E-7EE04798C236}"
EndProject
Project("{8BC9CEB8-8B4A-11D0-8D11-00A0C91BC942}") = "Explosion", "src\Explosion\Explosion.vcxproj", "{DBCAD501-B329-4131-AC46-9EFAC7DBA465}"
EndProject
Global
	GlobalSection(SolutionConfigurationPlatforms) = preSolution
		Debug|x64 = Debug|x64
		Debug|x86 = Debug|x86
		Release|x64 = Release|x64
		Release|x86 = Release|x86
	EndGlobalSection
	GlobalSection(ProjectConfigurationPlatforms) = postSolution
		{E96BF6A8-A536-4B5B-873A-8594AF14D582}.Debug|x64.ActiveCfg = Debug|x64
		{E96BF6A8-A536-4B5B-873A-8594AF14D582}.Debug|x64.Build.0 = Debug|x64
		{E96BF6A8-A536-4B5B-873A-8594AF14D582}.Debug|x86.ActiveCfg = Debug|Win32
		{E96BF6A8-A536-4B5B-873A-8594AF14D582}.Debug|x86.Build.0 = Debug|Win32
		{E96BF6A8-A536-4B5B-873A-8594AF14D582}.Release|x64.ActiveCfg = Release|x64
		{E96BF6A8-A536-4B5B-873A-8594AF14D582}.Release|x64.Build.0 = Release|x64
		{E96BF6A8-A536-4B5B-873A-8594AF14D582}.Release|x86.ActiveCfg = Release|Win32
		{E96BF6A8-A536-4B5B-873A-8594AF14D582}.Release|x86.Build.0 = Release|Win32
		{F043A676-1BD5-4736-95BE-DC62A7B27B66}.Debug|x64.ActiveCfg = Debug|x64
		{F043A676-1BD5-4736-95BE-DC62A7B27B66}.Debug|x64.Build.0 = Debug|x64
		{F043A676-1BD5-4736-95BE-DC62A7B27B66}.Debug|x86.ActiveCfg = Debug|Win32
		{F043A676-1BD5-4736-95BE-DC62A7B27B66}.Debug|x86.Build.0 = Debug|Win32
		{F043A676-1BD5-4736-95BE-DC62A7B27B66}.Release|x64.ActiveCfg = Release|x64
		{F043A676-1BD5-4736-95BE-DC62A7B27B66}.Release|x64.Build.0 = Release|x64
		{F043A676-1BD5-4736-95BE-DC62A7B27B66}.Release|x86.ActiveCfg = Release|Win32
		{F043A676-1BD5-4736-95BE-DC62A7B27B66}.Release|x86.Build.0 = Release|Win32
		{2B886C1A-330C-4976-988C-5AD5FB328223}.Debug|x64.ActiveCfg = Debug|x64
		{2B886C1A-330C-4976-988C-5AD5FB328223}.Debug|x64.Build.0 = Debug|x64
		{2B886C1A-330C-4976-988C-5AD5FB328223}.Debug|x86.ActiveCfg = Debug|Win32
		{2B886C1A-330C-4976-988C-5AD5FB328223}.Debug|x86.Build.0 = Debug|Win32
		{2B886C1A-330C-4976-988C-5AD5FB328223}.Release|x64.ActiveCfg = Release|x64
		{2B886C1A-330C-4976-988C-5AD5FB328223}.Release|x64.Build.0 = Release|x64
		{2B886C1A-330C-4976-988C-5AD5FB328223}.Release|x86.ActiveCfg = Release|Win32
		{2B886C1A-330C-4976-988C-5AD5FB328223}.Release|x86.Build.0 = Release|Win32
		{049727D8-445D-483A-983D-5FF082743815}.Debug|x64.ActiveCfg = Debug|x64
		{049727D8-445D-483A-983D-5FF082743815}.Debug|x64.Build.0 = Debug|x64
		{049727D8-445D-483A-983D-5FF082743815}.Debug|x86.ActiveCfg = Debug|Win32
		{049727D8-445D-483A-983D-5FF082743815}.Debug|x86.Build.0 = Debug|Win32
		{049727D8-445D-483A-983D-5FF082743815}.Release|x64.ActiveCfg = Release|x64
		{049727D8-445D-483A-983D-5FF082743815}.Release|x64.Build.0 = Release|x64
		{049727D8-445D-483A-983D-5FF082743815}.Release|x86.ActiveCfg = Release|Win32
		{049727D8-445D-483A-983D-5FF082743815}.Release|x86.Build.0 = Release|Win32
		{64B0C72D-85B4-43DA-81B6-55A742D10507}.Debug|x64.ActiveCfg = Debug|x64
		{64B0C72D-85B4-43DA-81B6-55A742D10507}.Debug|x64.Build.0 = Debug|x64
		{64B0C72D-85B4-43DA-81B6-55A742D10507}.Debug|x86.ActiveCfg = Debug|Win32
		{64B0C72D-85B4-43DA-81B6-55A742D10507}.Debug|x86.Build.0 = Debug|Win32
		{64B0C72D-85B4-43DA-81B6-55A742D10507}.Release|x64.ActiveCfg = Release|x64
		{64B0C72D-85B4-43DA-81B6-55A742D10507}.Release|x64.Build.0 = Release|x64
		{64B0C72D-85B4-43DA-81B6-55A742D10507}.Release|x86.ActiveCfg = Release|Win32
		{64B0C72D-85B4-43DA-81B6-55A742D10507}.Release|x86.Build.0 = Release|Win32
		{D5827EDF-9D68-4A5F-A128-6BF0F7068E33}.Debug|x64.ActiveCfg = Debug|x64
		{D5827EDF-9D68-4A5F-A128-6BF0F7068E33}.Debug|x64.Build.0 = Debug|x64
		{D5827EDF-9D68-4A5F-A128-6BF0F7068E33}.Debug|x86.ActiveCfg = Debug|Win32
		{D5827EDF-9D68-4A5F-A128-6BF0F7068E33}.Debug|x86.Build.0 = Debug|Win32
		{D5827EDF-9D68-4A5F-A128-6BF0F7068E33}.Release|x64.ActiveCfg = Release|x64
		{D5827EDF-9D68-4A5F-A128-6BF0F7068E33}.Release|x64.Build.0 = Release|x64
		{D5827EDF-9D68-4A5F-A128-6BF0F7068E33}.Release|x86.ActiveCfg = Release|Win32
		{D5827EDF-9D68-4A5F-A128-6BF0F7068E33}.Release|x86.Build.0 = Release|Win32
		{2A614869-26B1-418D-88C4-2998FA723C1C}.Debug|x64.ActiveCfg = Debug|x64
		{2A614869-26B1-418D-88C4-2998FA723C1C}.Debug|x64.Build.0 = Debug|x64
		{2A614869-26B1-418D-88C4-2998FA723C1C}.Debug|x86.ActiveCfg = Debug|Win32
		{2A614869-26B1-418D-88C4-2998FA723C1C}.Debug|x86.Build.0 = Debug|Win32
		{2A614869-26B1-418D-88C4-2998FA723C1C}.Release|x64.ActiveCfg = Release|x64
		{2A614869-26B1-418D-88C4-2998FA723C1C}.Release|x64.Build.0 = Release|x64
		{2A614869-26B1-418D-88C4-2998FA723C1C}.Release|x86.ActiveCfg = Release|Win32
		{2A614869-26B1-418D-88C4-2998FA723C1C}.Release|x86.Build.0 = Release|Win32
		{540284EE-16DD-4398-B851-4CEFDD7DEB29}.Debug|x64.ActiveCfg = Debug|x64
		{540284EE-16DD-4398-B851-4CEFDD7DEB29}.Debug|x64.Build.0 = Debug|x64
		{540284EE-16DD-4398-B851-4CEFDD7DEB29}.Debug|x86.ActiveCfg = Debug|Win32
		{540284EE-16DD-4398-B851-4CEFDD7DEB29}.Debug|x86.Build.0 = Debug|Win32
		{540284EE-16DD-4398-B851-4CEFDD7DEB29}.Release|x64.ActiveCfg = Release|x64
		{540284EE-16DD-4398-B851-4CEFDD7DEB29}.Release|x64.Build.0 = Release|x64
		{540284EE-16DD-4398-B851-4CEFDD7DEB29}.Release|x86.ActiveCfg = Release|Win32
		{540284EE-16DD-4398-B851-4CEFDD7DEB29}.Release|x86.Build.0 = Release|Win32
		{C81B1E9D-5BEF-41D2-971E-7EE04798C236}.Debug|x64.ActiveCfg = Debug|x64
		{C81B1E9D-5BEF-41D2-971E-7EE04798C236}.Debug|x64.Build.0 = Debug|x64
		{C81B1E9D-5BEF-41D2-971E-7EE04798C236}.Debug|x86.ActiveCfg = Debug|Win32
		{C81B1E9D-5BEF-41D2-971E-7EE04798C236}.Debug|x86.Build.0 = Debug|Win32
		{C81B1E9D-5BEF-41D2-971E-7EE04798C236}.Release|x64.ActiveCfg = Release|x64
		{C81B1E9D-5BEF-41D2-971E-7EE04798C236}.Release|x64.Build.0 = Release|x64
		{C81B1E9D-5BEF-41D2-971E-7EE04798C236}.Release|x86.ActiveCfg = Release|Win32
		{C81B1E9D-5BEF-41D2-971E-7EE04798C236}.Release|x86.Build.0 = Release|Win32
		{DBCAD501-B329-4131-AC46-9EFAC7DBA465}.Debug|x64.ActiveCfg = Debug|x64
		{DBCAD501-B329-4131-AC46-9EFAC7DBA465}.Debug|x64.Build.0 = Debug|x64
		{DBCAD501-B329-4131-AC46-9EFAC7DBA465}.Debug|x86.ActiveCfg = Debug|Win32
		{DBCAD501-B329-4131-AC46-9EFAC7DBA465}.Debug|x86.Build.0 = Debug|Win32
		{DBCAD501-B329-4131-AC46-9EFAC7DBA465}.Release|x64.ActiveCfg = Release|x64
		{DBCAD501-B329-4131-AC46-9EFAC7DBA465}.Release|x64.Build.0 = Release|x64
		{DBCAD501-B329-4131-AC46-9EFAC7DBA465}.Release|x86.ActiveCfg = Release|Win32
		{DBCAD501-B329-4131-AC46-9EFAC7DBA465}.Release|x86.Build.0 = Release|Win32
	EndGlobalSection
	GlobalSection(SolutionProperties) = preSolution
		HideSolutionNode = FALSE
	EndGlobalSection
	GlobalSection(ExtensibilityGlobals) = postSolution
		SolutionGuid = {B6ED234B-8455-4AA9-9065-447E442F28A6}
	EndGlobalSection
EndGlobal
