<?xml version="1.0" encoding="utf-8"?>
<Project ToolsVersion="4.0" xmlns="http://schemas.microsoft.com/developer/msbuild/2003">
  <ItemGroup>
    <Filter Include="Source Files">
      <UniqueIdentifier>{4FC737F1-C7A5-4376-A066-2A32D752A2FF}</UniqueIdentifier>
      <Extensions>cpp;c;cc;cxx;c++;cppm;ixx;def;odl;idl;hpj;bat;asm;asmx</Extensions>
    </Filter>
    <Filter Include="Header Files">
      <UniqueIdentifier>{93995380-89BD-4b04-88EB-625FBE52EBFB}</UniqueIdentifier>
      <Extensions>h;hh;hpp;hxx;h++;hm;inl;inc;ipp;xsd</Extensions>
    </Filter>
    <Filter Include="Resource Files">
      <UniqueIdentifier>{67DA6AB6-F800-4c08-8B7A-83BB121AAD01}</UniqueIdentifier>
      <Extensions>rc;ico;cur;bmp;dlg;rc2;rct;bin;rgs;gif;jpg;jpeg;jpe;resx;tiff;tif;png;wav;mfcribbon-ms</Extensions>
    </Filter>
    <Filter Include="Header Files\Core">
      <UniqueIdentifier>{220b807c-7b87-400e-b28b-efa56b8c94e2}</UniqueIdentifier>
    </Filter>
    <Filter Include="Source Files\Particle">
      <UniqueIdentifier>{09caa8ec-6751-4808-bcf8-3630b3020b53}</UniqueIdentifier>
    </Filter>
    <Filter Include="Source Files\Particle\ParticleForce">
      <UniqueIdentifier>{62f654c5-cb4f-490b-bfa7-dda35b114901}</UniqueIdentifier>
    </Filter>
    <Filter Include="Source Files\Particle\ParticleContact">
      <UniqueIdentifier>{080ba5dd-c579-417a-8c0a-4e1819063d89}</UniqueIdentifier>
    </Filter>
    <Filter Include="Header Files\Particle">
      <UniqueIdentifier>{8763c11b-a168-4a67-a48c-88a3d9fbd0a0}</UniqueIdentifier>
    </Filter>
    <Filter Include="Header Files\Particle\ParticleContact">
      <UniqueIdentifier>{66d40dc1-d55a-451e-9d7d-6abff98a5fe2}</UniqueIdentifier>
    </Filter>
    <Filter Include="Header Files\Particle\ParticleForce">
      <UniqueIdentifier>{be00f81f-372b-44d9-8258-4b10834e1449}</UniqueIdentifier>
    </Filter>
    <Filter Include="Source Files\Core">
      <UniqueIdentifier>{1a4264f2-26c5-4b5e-9b48-0a673fda662c}</UniqueIdentifier>
    </Filter>
    <Filter Include="Header Files\RigidBody">
      <UniqueIdentifier>{0dcedcca-2c2d-453a-a486-02e9cb08683e}</UniqueIdentifier>
    </Filter>
    <Filter Include="Source Files\RigidBody">
      <UniqueIdentifier>{2bf98b1e-e475-4f4f-b1de-37cdf6e20754}</UniqueIdentifier>
    </Filter>
    <Filter Include="Header Files\RigidBody\CoarseCollision">
      <UniqueIdentifier>{ae08229f-7fb0-4dad-8c73-f67a89c45d3f}</UniqueIdentifier>
    </Filter>
    <Filter Include="Source Files\RigidBody\CoarseCollision">
      <UniqueIdentifier>{bbae7b44-5521-4ca2-91ae-356d32bd9043}</UniqueIdentifier>
    </Filter>
    <Filter Include="Header Files\RigidBody\Force">
      <UniqueIdentifier>{7c9f7b3f-fc18-4c5e-ab5f-f2de6d759a13}</UniqueIdentifier>
    </Filter>
    <Filter Include="Source Files\RigidBody\Force">
      <UniqueIdentifier>{8f8cd943-a7ed-4cbd-8d36-d6830435bffc}</UniqueIdentifier>
    </Filter>
    <Filter Include="Header Files\RigidBody\Contact">
      <UniqueIdentifier>{66e1e7ef-4bac-4f20-8233-a9247aafd8a4}</UniqueIdentifier>
    </Filter>
    <Filter Include="Source Files\RigidBody\Contact">
      <UniqueIdentifier>{080c3306-1ef8-4aad-a64e-8fc44bef670d}</UniqueIdentifier>
    </Filter>
    <Filter Include="Header Files\RigidBody\FineCollision">
      <UniqueIdentifier>{0c9452eb-a550-4859-856b-725fa712be1e}</UniqueIdentifier>
    </Filter>
    <Filter Include="Source Files\RigidBody\FineCollision">
      <UniqueIdentifier>{532f2b99-97c8-42ef-9380-fa37b0d699c4}</UniqueIdentifier>
    </Filter>
  </ItemGroup>
  <ItemGroup>
    <ClInclude Include="include\cyclone\Public\Core\Core.h">
      <Filter>Header Files\Core</Filter>
    </ClInclude>
    <ClInclude Include="include\cyclone\Public\Core\Matrix.h">
      <Filter>Header Files\Core</Filter>
    </ClInclude>
    <ClInclude Include="include\cyclone\Public\Core\Precision.h">
      <Filter>Header Files\Core</Filter>
    </ClInclude>
    <ClInclude Include="include\cyclone\Public\Core\Quaternion.h">
      <Filter>Header Files\Core</Filter>
    </ClInclude>
    <ClInclude Include="include\cyclone\Public\Core\Random.h">
      <Filter>Header Files\Core</Filter>
    </ClInclude>
    <ClInclude Include="include\cyclone\Public\Core\Vector3.h">
      <Filter>Header Files\Core</Filter>
    </ClInclude>
    <ClInclude Include="include\cyclone\Public\Core\Vector4.h">
      <Filter>Header Files\Core</Filter>
    </ClInclude>
    <ClInclude Include="include\cyclone\Public\Particle\Particle.h">
      <Filter>Header Files\Particle</Filter>
    </ClInclude>
    <ClInclude Include="include\cyclone\Public\Particle\ParticleContact\ParticleCable.h">
      <Filter>Header Files\Particle\ParticleContact</Filter>
    </ClInclude>
    <ClInclude Include="include\cyclone\Public\Particle\ParticleContact\ParticleCableConstraint.h">
      <Filter>Header Files\Particle\ParticleContact</Filter>
    </ClInclude>
    <ClInclude Include="include\cyclone\Public\Particle\ParticleContact\ParticleConstraint.h">
      <Filter>Header Files\Particle\ParticleContact</Filter>
    </ClInclude>
    <ClInclude Include="include\cyclone\Public\Particle\ParticleContact\ParticleContact.h">
      <Filter>Header Files\Particle\ParticleContact</Filter>
    </ClInclude>
    <ClInclude Include="include\cyclone\Public\Particle\ParticleContact\ParticleContactGenerator.h">
      <Filter>Header Files\Particle\ParticleContact</Filter>
    </ClInclude>
    <ClInclude Include="include\cyclone\Public\Particle\ParticleContact\ParticleContactResolver.h">
      <Filter>Header Files\Particle\ParticleContact</Filter>
    </ClInclude>
    <ClInclude Include="include\cyclone\Public\Particle\ParticleContact\ParticleLink.h">
      <Filter>Header Files\Particle\ParticleContact</Filter>
    </ClInclude>
    <ClInclude Include="include\cyclone\Public\Particle\ParticleContact\ParticleRod.h">
      <Filter>Header Files\Particle\ParticleContact</Filter>
    </ClInclude>
    <ClInclude Include="include\cyclone\Public\Particle\ParticleContact\ParticleRodConstraint.h">
      <Filter>Header Files\Particle\ParticleContact</Filter>
    </ClInclude>
    <ClInclude Include="include\cyclone\Public\Particle\ParticleForce\ParticleAnchoredBungee.h">
      <Filter>Header Files\Particle\ParticleForce</Filter>
    </ClInclude>
    <ClInclude Include="include\cyclone\Public\Particle\ParticleForce\ParticleAnchoredSpring.h">
      <Filter>Header Files\Particle\ParticleForce</Filter>
    </ClInclude>
    <ClInclude Include="include\cyclone\Public\Particle\ParticleForce\ParticleBungee.h">
      <Filter>Header Files\Particle\ParticleForce</Filter>
    </ClInclude>
    <ClInclude Include="include\cyclone\Public\Particle\ParticleForce\ParticleBuoyancy.h">
      <Filter>Header Files\Particle\ParticleForce</Filter>
    </ClInclude>
    <ClInclude Include="include\cyclone\Public\Particle\ParticleForce\ParticleDrag.h">
      <Filter>Header Files\Particle\ParticleForce</Filter>
    </ClInclude>
    <ClInclude Include="include\cyclone\Public\Particle\ParticleForce\ParticleFakeSpring.h">
      <Filter>Header Files\Particle\ParticleForce</Filter>
    </ClInclude>
    <ClInclude Include="include\cyclone\Public\Particle\ParticleForce\ParticleForceGenerator.h">
      <Filter>Header Files\Particle\ParticleForce</Filter>
    </ClInclude>
    <ClInclude Include="include\cyclone\Public\Particle\ParticleForce\ParticleForceRegistry.h">
      <Filter>Header Files\Particle\ParticleForce</Filter>
    </ClInclude>
    <ClInclude Include="include\cyclone\Public\Particle\ParticleForce\ParticleGravity.h">
      <Filter>Header Files\Particle\ParticleForce</Filter>
    </ClInclude>
    <ClInclude Include="include\cyclone\Public\Particle\ParticleForce\ParticleSpring.h">
      <Filter>Header Files\Particle\ParticleForce</Filter>
    </ClInclude>
    <ClInclude Include="include\cyclone\Public\Particle\ParticleWorld.h">
      <Filter>Header Files\Particle</Filter>
    </ClInclude>
    <ClInclude Include="include\cyclone\Public\Particle\ParticleContact\GroundContacts.h">
      <Filter>Header Files\Particle\ParticleContact</Filter>
    </ClInclude>
    <ClInclude Include="include\cyclone\Public\RigidBody\RigidBody.h">
      <Filter>Header Files\RigidBody</Filter>
    </ClInclude>
    <ClInclude Include="include\cyclone\Public\RigidBody\CoarseCollision\BoundingSphere.h">
      <Filter>Header Files\RigidBody\CoarseCollision</Filter>
    </ClInclude>
    <ClInclude Include="include\cyclone\Public\RigidBody\CoarseCollision\BVHNode.h">
      <Filter>Header Files\RigidBody\CoarseCollision</Filter>
    </ClInclude>
    <ClInclude Include="include\cyclone\Public\RigidBody\Force\ForceGenerator.h">
      <Filter>Header Files\RigidBody\Force</Filter>
    </ClInclude>
    <ClInclude Include="include\cyclone\Public\RigidBody\Force\Gravity.h">
      <Filter>Header Files\RigidBody\Force</Filter>
    </ClInclude>
    <ClInclude Include="include\cyclone\Public\RigidBody\Force\Spring.h">
      <Filter>Header Files\RigidBody\Force</Filter>
    </ClInclude>
    <ClInclude Include="include\cyclone\Public\RigidBody\Force\ForceRegistry.h">
      <Filter>Header Files\RigidBody\Force</Filter>
    </ClInclude>
    <ClInclude Include="include\cyclone\Public\RigidBody\Force\Aero.h">
      <Filter>Header Files\RigidBody\Force</Filter>
    </ClInclude>
    <ClInclude Include="include\cyclone\Public\RigidBody\Force\AeroControl.h">
      <Filter>Header Files\RigidBody\Force</Filter>
    </ClInclude>
    <ClInclude Include="include\cyclone\Public\RigidBody\Force\Buoyancy.h">
      <Filter>Header Files\RigidBody\Force</Filter>
    </ClInclude>
    <ClInclude Include="include\cyclone\Public\RigidBody\Contact\Contact.h">
      <Filter>Header Files\RigidBody\Contact</Filter>
    </ClInclude>
    <ClInclude Include="include\cyclone\Public\RigidBody\Contact\ContactResolver.h">
      <Filter>Header Files\RigidBody\Contact</Filter>
    </ClInclude>
    <ClInclude Include="include\cyclone\Public\RigidBody\Contact\ContactGenerator.h">
      <Filter>Header Files\RigidBody\Contact</Filter>
    </ClInclude>
    <ClInclude Include="include\cyclone\Public\RigidBody\FineCollision\CollisionPrimitive.h">
      <Filter>Header Files\RigidBody\FineCollision</Filter>
    </ClInclude>
    <ClInclude Include="include\cyclone\Public\RigidBody\FineCollision\CollisionSphere.h">
      <Filter>Header Files\RigidBody\FineCollision</Filter>
    </ClInclude>
    <ClInclude Include="include\cyclone\Public\RigidBody\FineCollision\CollisionPlane.h">
      <Filter>Header Files\RigidBody\FineCollision</Filter>
    </ClInclude>
    <ClInclude Include="include\cyclone\Public\RigidBody\FineCollision\CollisionBox.h">
      <Filter>Header Files\RigidBody\FineCollision</Filter>
    </ClInclude>
    <ClInclude Include="include\cyclone\Public\RigidBody\FineCollision\IntersectionTests.h">
      <Filter>Header Files\RigidBody\FineCollision</Filter>
    </ClInclude>
    <ClInclude Include="include\cyclone\Public\RigidBody\FineCollision\CollisionDetector.h">
      <Filter>Header Files\RigidBody\FineCollision</Filter>
    </ClInclude>
  </ItemGroup>
  <ItemGroup>
    <ClCompile Include="include\cyclone\Private\Core\Matrix.cpp">
      <Filter>Source Files\Core</Filter>
    </ClCompile>
    <ClCompile Include="include\cyclone\Private\Core\Quaternion.cpp">
      <Filter>Source Files\Core</Filter>
    </ClCompile>
    <ClCompile Include="include\cyclone\Private\Core\Random.cpp">
      <Filter>Source Files\Core</Filter>
    </ClCompile>
    <ClCompile Include="include\cyclone\Private\Core\Vector3.cpp">
      <Filter>Source Files\Core</Filter>
    </ClCompile>
    <ClCompile Include="include\cyclone\Private\Core\Vector4.cpp">
      <Filter>Source Files\Core</Filter>
    </ClCompile>
    <ClCompile Include="include\cyclone\Private\Particle\Particle.cpp">
      <Filter>Source Files\Particle</Filter>
    </ClCompile>
    <ClCompile Include="include\cyclone\Private\Particle\ParticleContact\ParticleCable.cpp">
      <Filter>Source Files\Particle\ParticleContact</Filter>
    </ClCompile>
    <ClCompile Include="include\cyclone\Private\Particle\ParticleContact\ParticleCableConstraint.cpp">
      <Filter>Source Files\Particle\ParticleContact</Filter>
    </ClCompile>
    <ClCompile Include="include\cyclone\Private\Particle\ParticleContact\ParticleConstraint.cpp">
      <Filter>Source Files\Particle\ParticleContact</Filter>
    </ClCompile>
    <ClCompile Include="include\cyclone\Private\Particle\ParticleContact\ParticleContact.cpp">
      <Filter>Source Files\Particle\ParticleContact</Filter>
    </ClCompile>
    <ClCompile Include="include\cyclone\Private\Particle\ParticleContact\ParticleContactResolver.cpp">
      <Filter>Source Files\Particle\ParticleContact</Filter>
    </ClCompile>
    <ClCompile Include="include\cyclone\Private\Particle\ParticleContact\ParticleLink.cpp">
      <Filter>Source Files\Particle\ParticleContact</Filter>
    </ClCompile>
    <ClCompile Include="include\cyclone\Private\Particle\ParticleContact\ParticleRod.cpp">
      <Filter>Source Files\Particle\ParticleContact</Filter>
    </ClCompile>
    <ClCompile Include="include\cyclone\Private\Particle\ParticleContact\ParticleRodConstraint.cpp">
      <Filter>Source Files\Particle\ParticleContact</Filter>
    </ClCompile>
    <ClCompile Include="include\cyclone\Private\Particle\ParticleForce\ParticleAnchoredBungee.cpp">
      <Filter>Source Files\Particle\ParticleForce</Filter>
    </ClCompile>
    <ClCompile Include="include\cyclone\Private\Particle\ParticleForce\ParticleAnchoredSpring.cpp">
      <Filter>Source Files\Particle\ParticleForce</Filter>
    </ClCompile>
    <ClCompile Include="include\cyclone\Private\Particle\ParticleForce\ParticleBungee.cpp">
      <Filter>Source Files\Particle\ParticleForce</Filter>
    </ClCompile>
    <ClCompile Include="include\cyclone\Private\Particle\ParticleForce\ParticleBuoyancy.cpp">
      <Filter>Source Files\Particle\ParticleForce</Filter>
    </ClCompile>
    <ClCompile Include="include\cyclone\Private\Particle\ParticleForce\ParticleDrag.cpp">
      <Filter>Source Files\Particle\ParticleForce</Filter>
    </ClCompile>
    <ClCompile Include="include\cyclone\Private\Particle\ParticleForce\ParticleFakeSpring.cpp">
      <Filter>Source Files\Particle\ParticleForce</Filter>
    </ClCompile>
    <ClCompile Include="include\cyclone\Private\Particle\ParticleForce\ParticleForceRegistry.cpp">
      <Filter>Source Files\Particle\ParticleForce</Filter>
    </ClCompile>
    <ClCompile Include="include\cyclone\Private\Particle\ParticleForce\ParticleGravity.cpp">
      <Filter>Source Files\Particle\ParticleForce</Filter>
    </ClCompile>
    <ClCompile Include="include\cyclone\Private\Particle\ParticleForce\ParticleSpring.cpp">
      <Filter>Source Files\Particle\ParticleForce</Filter>
    </ClCompile>
    <ClCompile Include="include\cyclone\Private\Particle\ParticleWorld.cpp">
      <Filter>Source Files\Particle</Filter>
    </ClCompile>
    <ClCompile Include="include\cyclone\Private\Particle\ParticleContact\GroundContacts.cpp">
      <Filter>Source Files\Particle\ParticleContact</Filter>
    </ClCompile>
    <ClCompile Include="include\cyclone\Private\RigidBody\RigidBody.cpp">
      <Filter>Source Files\RigidBody</Filter>
    </ClCompile>
    <ClCompile Include="include\cyclone\Private\RigidBody\CoarseCollision\BoundingSphere.cpp">
      <Filter>Source Files\RigidBody\CoarseCollision</Filter>
    </ClCompile>
    <ClCompile Include="include\cyclone\Private\RigidBody\Force\Gravity.cpp">
      <Filter>Source Files\RigidBody\Force</Filter>
    </ClCompile>
    <ClCompile Include="include\cyclone\Private\RigidBody\Force\Spring.cpp">
      <Filter>Source Files\RigidBody\Force</Filter>
    </ClCompile>
    <ClCompile Include="include\cyclone\Private\RigidBody\Force\ForceRegistry.cpp">
      <Filter>Source Files\RigidBody\Force</Filter>
    </ClCompile>
    <ClCompile Include="include\cyclone\Private\RigidBody\Force\Aero.cpp">
      <Filter>Source Files\RigidBody\Force</Filter>
    </ClCompile>
    <ClCompile Include="include\cyclone\Private\RigidBody\Force\AeroControl.cpp">
      <Filter>Source Files\RigidBody\Force</Filter>
    </ClCompile>
    <ClCompile Include="include\cyclone\Private\RigidBody\Force\Buoyancy.cpp">
      <Filter>Source Files\RigidBody\Force</Filter>
    </ClCompile>
    <ClCompile Include="include\cyclone\Private\RigidBody\Contact\Contact.cpp">
      <Filter>Source Files\RigidBody\Contact</Filter>
    </ClCompile>
    <ClCompile Include="include\cyclone\Private\RigidBody\Contact\ContactResolver.cpp">
      <Filter>Source Files\RigidBody\Contact</Filter>
    </ClCompile>
    <ClCompile Include="include\cyclone\Private\RigidBody\FineCollision\CollisionPrimitive.cpp">
      <Filter>Source Files\RigidBody\FineCollision</Filter>
    </ClCompile>
    <ClCompile Include="include\cyclone\Private\RigidBody\FineCollision\IntersectionTests.cpp">
      <Filter>Source Files\RigidBody\FineCollision</Filter>
    </ClCompile>
    <ClCompile Include="include\cyclone\Private\RigidBody\FineCollision\CollisionDetector.cpp">
      <Filter>Source Files\RigidBody\FineCollision</Filter>
    </ClCompile>
  </ItemGroup>
</Project>